
Microsoft Visual Studio Solution File, Format Version 12.00
# Visual Studio Version 17
VisualStudioVersion = 17.11.35222.181
MinimumVisualStudioVersion = 10.0.40219.1
Project("{FAE04EC0-301F-11D3-BF4B-00C04F79EFBC}") = "ToDo", "ToDo.csproj", "{2B8D279C-0E7F-4A1E-948D-518985F5189B}"
EndProject
Global
	GlobalSection(SolutionConfigurationPlatforms) = preSolution
		Debug|Any CPU = Debug|Any CPU
		Release|Any CPU = Release|Any CPU
	EndGlobalSection
	GlobalSection(ProjectConfigurationPlatforms) = postSolution
		{2B8D279C-0E7F-4A1E-948D-518985F5189B}.Debug|Any CPU.ActiveCfg = Debug|Any CPU
		{2B8D279C-0E7F-4A1E-948D-518985F5189B}.Debug|Any CPU.Build.0 = Debug|Any CPU
		{2B8D279C-0E7F-4A1E-948D-518985F5189B}.Release|Any CPU.ActiveCfg = Release|Any CPU
		{2B8D279C-0E7F-4A1E-948D-518985F5189B}.Release|Any CPU.Build.0 = Release|Any CPU
	EndGlobalSection
	GlobalSection(SolutionProperties) = preSolution
		HideSolutionNode = FALSE
	EndGlobalSection
	GlobalSection(ExtensibilityGlobals) = postSolution
		SolutionGuid = {673D8788-4E4D-4AAD-BDCA-7FE9443123AA}
	EndGlobalSection
EndGlobal
